
Microsoft Visual Studio Solution File, Format Version 12.00
# Visual Studio 15
VisualStudioVersion = 15.0.27428.2015
MinimumVisualStudioVersion = 10.0.40219.1
Project("{FAE04EC0-301F-11D3-BF4B-00C04F79EFBC}") = "MorseCode", "MorseCode\MorseCode.csproj", "{49022FF4-033D-4598-B564-BF357A77A1F8}"
EndProject
Global
	GlobalSection(SolutionConfigurationPlatforms) = preSolution
		Debug|Any CPU = Debug|Any CPU
		Release|Any CPU = Release|Any CPU
	EndGlobalSection
	GlobalSection(ProjectConfigurationPlatforms) = postSolution
		{49022FF4-033D-4598-B564-BF357A77A1F8}.Debug|Any CPU.ActiveCfg = Debug|Any CPU
		{49022FF4-033D-4598-B564-BF357A77A1F8}.Debug|Any CPU.Build.0 = Debug|Any CPU
		{49022FF4-033D-4598-B564-BF357A77A1F8}.Release|Any CPU.ActiveCfg = Release|Any CPU
		{49022FF4-033D-4598-B564-BF357A77A1F8}.Release|Any CPU.Build.0 = Release|Any CPU
	EndGlobalSection
	GlobalSection(SolutionProperties) = preSolution
		HideSolutionNode = FALSE
	EndGlobalSection
	GlobalSection(ExtensibilityGlobals) = postSolution
		SolutionGuid = {55FA3B0F-0E09-49B5-8A11-22D8A6856FD2}
	EndGlobalSection
EndGlobal
